Microsoft Visual Studio Solution File, Format Version 12.00
# Visual Studio Version 17
VisualStudioVersion = 17.8.0.0
MinimumVisualStudioVersion = 17.8.0.0
Project("{9A19103F-16F7-4668-BE54-9A1E7A4F7556}") = "AspireSample.AppHost", "AspireSample.AppHost\AspireSample.AppHost.csproj", "{07CCE103-30A7-4562-8AF7-C8CBB08E6F8F}"
EndProject
Project("{9A19103F-16F7-4668-BE54-9A1E7A4F7556}") = "AspireSample.ServiceDefaults", "AspireSample.ServiceDefaults\AspireSample.ServiceDefaults.csproj", "{C04D2DC4-B040-48BF-9EE3-6A4EA5F50151}"
EndProject
Project("{9A19103F-16F7-4668-BE54-9A1E7A4F7556}") = "AspireSample.ApiService", "AspireSample.ApiService\AspireSample.ApiService.csproj", "{A4C63E47-BF47-4D65-82AF-848D9EB358F3}"
EndProject
Project("{9A19103F-16F7-4668-BE54-9A1E7A4F7556}") = "AspireSample.Web", "AspireSample.Web\AspireSample.Web.csproj", "{85F62AB8-74D8-4FFB-BD02-E6F26CEACA73}"
EndProject
Global
	GlobalSection(SolutionConfigurationPlatforms) = preSolution
		Debug|Any CPU = Debug|Any CPU
		Release|Any CPU = Release|Any CPU
	EndGlobalSection
	GlobalSection(ProjectConfigurationPlatforms) = postSolution
		{07CCE103-30A7-4562-8AF7-C8CBB08E6F8F}.Debug|Any CPU.ActiveCfg = Debug|Any CPU
		{07CCE103-30A7-4562-8AF7-C8CBB08E6F8F}.Debug|Any CPU.Build.0 = Debug|Any CPU
		{07CCE103-30A7-4562-8AF7-C8CBB08E6F8F}.Release|Any CPU.ActiveCfg = Release|Any CPU
		{07CCE103-30A7-4562-8AF7-C8CBB08E6F8F}.Release|Any CPU.Build.0 = Release|Any CPU
		{C04D2DC4-B040-48BF-9EE3-6A4EA5F50151}.Debug|Any CPU.ActiveCfg = Debug|Any CPU
		{C04D2DC4-B040-48BF-9EE3-6A4EA5F50151}.Debug|Any CPU.Build.0 = Debug|Any CPU
		{C04D2DC4-B040-48BF-9EE3-6A4EA5F50151}.Release|Any CPU.ActiveCfg = Release|Any CPU
		{C04D2DC4-B040-48BF-9EE3-6A4EA5F50151}.Release|Any CPU.Build.0 = Release|Any CPU
		{A4C63E47-BF47-4D65-82AF-848D9EB358F3}.Debug|Any CPU.ActiveCfg = Debug|Any CPU
		{A4C63E47-BF47-4D65-82AF-848D9EB358F3}.Debug|Any CPU.Build.0 = Debug|Any CPU
		{A4C63E47-BF47-4D65-82AF-848D9EB358F3}.Release|Any CPU.ActiveCfg = Release|Any CPU
		{A4C63E47-BF47-4D65-82AF-848D9EB358F3}.Release|Any CPU.Build.0 = Release|Any CPU
		{85F62AB8-74D8-4FFB-BD02-E6F26CEACA73}.Debug|Any CPU.ActiveCfg = Debug|Any CPU
		{85F62AB8-74D8-4FFB-BD02-E6F26CEACA73}.Debug|Any CPU.Build.0 = Debug|Any CPU
		{85F62AB8-74D8-4FFB-BD02-E6F26CEACA73}.Release|Any CPU.ActiveCfg = Release|Any CPU
		{85F62AB8-74D8-4FFB-BD02-E6F26CEACA73}.Release|Any CPU.Build.0 = Release|Any CPU
	EndGlobalSection
	GlobalSection(SolutionProperties) = preSolution
		HideSolutionNode = FALSE
	EndGlobalSection
	GlobalSection(ExtensibilityGlobals) = postSolution
		SolutionGuid = {7F729567-0722-4369-B112-0E1C09C9F4AB}
	EndGlobalSection
EndGlobal
