
Microsoft Visual Studio Solution File, Format Version 12.00
# Visual Studio Version 17
VisualStudioVersion = 17.9.34728.123
MinimumVisualStudioVersion = 10.0.40219.1
Project("{9A19103F-16F7-4668-BE54-9A1E7A4F7556}") = "sk-testApis", "sApiManifestPlugInTest\sk-testApis.csproj", "{A7B2FDFE-74AA-4B38-8E19-6DB3F368D991}"
EndProject
Global
	GlobalSection(SolutionConfigurationPlatforms) = preSolution
		Debug|Any CPU = Debug|Any CPU
		Release|Any CPU = Release|Any CPU
	EndGlobalSection
	GlobalSection(ProjectConfigurationPlatforms) = postSolution
		{A7B2FDFE-74AA-4B38-8E19-6DB3F368D991}.Debug|Any CPU.ActiveCfg = Debug|Any CPU
		{A7B2FDFE-74AA-4B38-8E19-6DB3F368D991}.Debug|Any CPU.Build.0 = Debug|Any CPU
		{A7B2FDFE-74AA-4B38-8E19-6DB3F368D991}.Release|Any CPU.ActiveCfg = Release|Any CPU
		{A7B2FDFE-74AA-4B38-8E19-6DB3F368D991}.Release|Any CPU.Build.0 = Release|Any CPU
	EndGlobalSection
	GlobalSection(SolutionProperties) = preSolution
		HideSolutionNode = FALSE
	EndGlobalSection
	GlobalSection(ExtensibilityGlobals) = postSolution
		SolutionGuid = {2CC8B029-2499-4FED-800E-8404D731321A}
	EndGlobalSection
EndGlobal
