
Microsoft Visual Studio Solution File, Format Version 12.00
# Visual Studio Version 17
VisualStudioVersion = 17.9.34728.123
MinimumVisualStudioVersion = 10.0.40219.1
Project("{FAE04EC0-301F-11D3-BF4B-00C04F79EFBC}") = "sk-testApis", "apimanifestplugintest\sk-testApis.csproj", "{612F4B3E-E2ED-4092-BFF9-B69323775B8B}"
EndProject
Global
	GlobalSection(SolutionConfigurationPlatforms) = preSolution
		Debug|Any CPU = Debug|Any CPU
		Release|Any CPU = Release|Any CPU
	EndGlobalSection
	GlobalSection(ProjectConfigurationPlatforms) = postSolution
		{612F4B3E-E2ED-4092-BFF9-B69323775B8B}.Debug|Any CPU.ActiveCfg = Debug|Any CPU
		{612F4B3E-E2ED-4092-BFF9-B69323775B8B}.Debug|Any CPU.Build.0 = Debug|Any CPU
		{612F4B3E-E2ED-4092-BFF9-B69323775B8B}.Release|Any CPU.ActiveCfg = Release|Any CPU
		{612F4B3E-E2ED-4092-BFF9-B69323775B8B}.Release|Any CPU.Build.0 = Release|Any CPU
	EndGlobalSection
	GlobalSection(SolutionProperties) = preSolution
		HideSolutionNode = FALSE
	EndGlobalSection
	GlobalSection(ExtensibilityGlobals) = postSolution
		SolutionGuid = {2CC8B029-2499-4FED-800E-8404D731321A}
	EndGlobalSection
EndGlobal
